
Microsoft Visual Studio Solution File, Format Version 12.00
# Visual Studio Version 17
VisualStudioVersion = 17.10.34814.14
MinimumVisualStudioVersion = 10.0.40219.1
Project("{FAE04EC0-301F-11D3-BF4B-00C04F79EFBC}") = "ok2", "ok2\ok2.csproj", "{393C193A-55E1-4AFA-8E41-2B4F314BD937}"
EndProject
Global
	GlobalSection(SolutionConfigurationPlatforms) = preSolution
		Debug|Any CPU = Debug|Any CPU
		Release|Any CPU = Release|Any CPU
	EndGlobalSection
	GlobalSection(ProjectConfigurationPlatforms) = postSolution
		{393C193A-55E1-4AFA-8E41-2B4F314BD937}.Debug|Any CPU.ActiveCfg = Debug|Any CPU
		{393C193A-55E1-4AFA-8E41-2B4F314BD937}.Debug|Any CPU.Build.0 = Debug|Any CPU
		{393C193A-55E1-4AFA-8E41-2B4F314BD937}.Release|Any CPU.ActiveCfg = Release|Any CPU
		{393C193A-55E1-4AFA-8E41-2B4F314BD937}.Release|Any CPU.Build.0 = Release|Any CPU
	EndGlobalSection
	GlobalSection(SolutionProperties) = preSolution
		HideSolutionNode = FALSE
	EndGlobalSection
	GlobalSection(ExtensibilityGlobals) = postSolution
		SolutionGuid = {1ED25105-48A1-4A6C-830C-D9E8CDEDE7A4}
	EndGlobalSection
EndGlobal
