
Microsoft Visual Studio Solution File, Format Version 12.00
# Visual Studio Version 17
VisualStudioVersion = 17.10.34814.14
MinimumVisualStudioVersion = 10.0.40219.1
Project("{FAE04EC0-301F-11D3-BF4B-00C04F79EFBC}") = "ok", "ok\ok.csproj", "{3F67467A-AB61-4725-A35B-DD596C922780}"
EndProject
Global
	GlobalSection(SolutionConfigurationPlatforms) = preSolution
		Debug|Any CPU = Debug|Any CPU
		Release|Any CPU = Release|Any CPU
	EndGlobalSection
	GlobalSection(ProjectConfigurationPlatforms) = postSolution
		{3F67467A-AB61-4725-A35B-DD596C922780}.Debug|Any CPU.ActiveCfg = Debug|Any CPU
		{3F67467A-AB61-4725-A35B-DD596C922780}.Debug|Any CPU.Build.0 = Debug|Any CPU
		{3F67467A-AB61-4725-A35B-DD596C922780}.Release|Any CPU.ActiveCfg = Release|Any CPU
		{3F67467A-AB61-4725-A35B-DD596C922780}.Release|Any CPU.Build.0 = Release|Any CPU
	EndGlobalSection
	GlobalSection(SolutionProperties) = preSolution
		HideSolutionNode = FALSE
	EndGlobalSection
	GlobalSection(ExtensibilityGlobals) = postSolution
		SolutionGuid = {AEBBCC35-0A73-420F-AAEC-F77A599B012D}
	EndGlobalSection
EndGlobal
